{
  "name": "corredor_escolar",
  "lockfileVersion": 2,
  "requires": true,
  "packages": {
    "": {
      "dependencies": {
        "@babylonjs/loaders": "^6.12.3"
      }
    },
    "node_modules/@babylonjs/core": {
      "version": "6.12.3",
      "resolved": "https://registry.npmjs.org/@babylonjs/core/-/core-6.12.3.tgz",
      "integrity": "sha512-p1di605M2Pa5+YiHbydGJ3PA4nUWSlmu79agL3mcsq7s8zC5VN/HaK1uNSicYI9LhVfPF6bDsVGHqCXxEkRsFQ==",
      "peer": true
    },
    "node_modules/@babylonjs/loaders": {
      "version": "6.12.3",
      "resolved": "https://registry.npmjs.org/@babylonjs/loaders/-/loaders-6.12.3.tgz",
      "integrity": "sha512-VY+xGy8zVW5jzeQuIs8E+a31BXY0xvF1j6BK+jnJ2TKdsX7e8nUCVEkjd2WY9NgU+AGuVoCy57i5ZDbiRgPnxw==",
      "peerDependencies": {
        "@babylonjs/core": "^6.0.0",
        "babylonjs-gltf2interface": "^6.0.0"
      }
    },
    "node_modules/babylonjs-gltf2interface": {
      "version": "6.12.3",
      "resolved": "https://registry.npmjs.org/babylonjs-gltf2interface/-/babylonjs-gltf2interface-6.12.3.tgz",
      "integrity": "sha512-FCWhnI9NFk7TxJC6KiWgruVL578POedCZrTNbMeLqKvgr9GG3toeSmbrn336+wJ1yLZmFumAsvvIZI4kn3PZhg==",
      "peer": true
    }
  },
  "dependencies": {
    "@babylonjs/core": {
      "version": "6.12.3",
      "resolved": "https://registry.npmjs.org/@babylonjs/core/-/core-6.12.3.tgz",
      "integrity": "sha512-p1di605M2Pa5+YiHbydGJ3PA4nUWSlmu79agL3mcsq7s8zC5VN/HaK1uNSicYI9LhVfPF6bDsVGHqCXxEkRsFQ==",
      "peer": true
    },
    "@babylonjs/loaders": {
      "version": "6.12.3",
      "resolved": "https://registry.npmjs.org/@babylonjs/loaders/-/loaders-6.12.3.tgz",
      "integrity": "sha512-VY+xGy8zVW5jzeQuIs8E+a31BXY0xvF1j6BK+jnJ2TKdsX7e8nUCVEkjd2WY9NgU+AGuVoCy57i5ZDbiRgPnxw==",
      "requires": {}
    },
    "babylonjs-gltf2interface": {
      "version": "6.12.3",
      "resolved": "https://registry.npmjs.org/babylonjs-gltf2interface/-/babylonjs-gltf2interface-6.12.3.tgz",
      "integrity": "sha512-FCWhnI9NFk7TxJC6KiWgruVL578POedCZrTNbMeLqKvgr9GG3toeSmbrn336+wJ1yLZmFumAsvvIZI4kn3PZhg==",
      "peer": true
    }
  }
}
